
Microsoft Visual Studio Solution File, Format Version 12.00
# Visual Studio Version 16
VisualStudioVersion = 16.0.32002.261
MinimumVisualStudioVersion = 10.0.40219.1
Project("{FAE04EC0-301F-11D3-BF4B-00C04F79EFBC}") = "TaskAPI", "TaskAPI\TaskAPI.csproj", "{2FD345AF-8880-4684-BC3B-35D11034F299}"
EndProject
Global
	GlobalSection(SolutionConfigurationPlatforms) = preSolution
		Debug|Any CPU = Debug|Any CPU
		Release|Any CPU = Release|Any CPU
	EndGlobalSection
	GlobalSection(ProjectConfigurationPlatforms) = postSolution
		{2FD345AF-8880-4684-BC3B-35D11034F299}.Debug|Any CPU.ActiveCfg = Debug|Any CPU
		{2FD345AF-8880-4684-BC3B-35D11034F299}.Debug|Any CPU.Build.0 = Debug|Any CPU
		{2FD345AF-8880-4684-BC3B-35D11034F299}.Release|Any CPU.ActiveCfg = Release|Any CPU
		{2FD345AF-8880-4684-BC3B-35D11034F299}.Release|Any CPU.Build.0 = Release|Any CPU
	EndGlobalSection
	GlobalSection(SolutionProperties) = preSolution
		HideSolutionNode = FALSE
	EndGlobalSection
	GlobalSection(ExtensibilityGlobals) = postSolution
		SolutionGuid = {39E07754-8D53-47C8-91F7-9E7534B43369}
	EndGlobalSection
EndGlobal
